
Microsoft Visual Studio Solution File, Format Version 12.00
# Visual Studio Version 16
VisualStudioVersion = 16.0.30002.166
MinimumVisualStudioVersion = 10.0.40219.1
Project("{FAE04EC0-301F-11D3-BF4B-00C04F79EFBC}") = "WindowsFormsApp2", "WindowsFormsApp2\WindowsFormsApp2.csproj", "{CF115AC2-AC1C-4978-8397-EB1B399E97C8}"
EndProject
Project("{FAE04EC0-301F-11D3-BF4B-00C04F79EFBC}") = "ClassLibrary1", "ClassLibrary1\ClassLibrary1.csproj", "{D79D0DD8-9775-44CB-BC6E-453578ECA0C3}"
EndProject
Global
	GlobalSection(SolutionConfigurationPlatforms) = preSolution
		Debug|Any CPU = Debug|Any CPU
		Release|Any CPU = Release|Any CPU
	EndGlobalSection
	GlobalSection(ProjectConfigurationPlatforms) = postSolution
		{CF115AC2-AC1C-4978-8397-EB1B399E97C8}.Debug|Any CPU.ActiveCfg = Debug|Any CPU
		{CF115AC2-AC1C-4978-8397-EB1B399E97C8}.Debug|Any CPU.Build.0 = Debug|Any CPU
		{CF115AC2-AC1C-4978-8397-EB1B399E97C8}.Release|Any CPU.ActiveCfg = Release|Any CPU
		{CF115AC2-AC1C-4978-8397-EB1B399E97C8}.Release|Any CPU.Build.0 = Release|Any CPU
		{D79D0DD8-9775-44CB-BC6E-453578ECA0C3}.Debug|Any CPU.ActiveCfg = Debug|Any CPU
		{D79D0DD8-9775-44CB-BC6E-453578ECA0C3}.Debug|Any CPU.Build.0 = Debug|Any CPU
		{D79D0DD8-9775-44CB-BC6E-453578ECA0C3}.Release|Any CPU.ActiveCfg = Release|Any CPU
		{D79D0DD8-9775-44CB-BC6E-453578ECA0C3}.Release|Any CPU.Build.0 = Release|Any CPU
	EndGlobalSection
	GlobalSection(SolutionProperties) = preSolution
		HideSolutionNode = FALSE
	EndGlobalSection
	GlobalSection(ExtensibilityGlobals) = postSolution
		SolutionGuid = {CBCEE63C-F4FF-41E7-962D-6EB00BBAD202}
	EndGlobalSection
EndGlobal
